
Microsoft Visual Studio Solution File, Format Version 12.00
# Visual Studio Version 16
VisualStudioVersion = 16.0.29709.97
MinimumVisualStudioVersion = 10.0.40219.1
Project("{FAE04EC0-301F-11D3-BF4B-00C04F79EFBC}") = "ProductApi", "ProductApi.csproj", "{943889DA-C03D-4D27-9B96-C9C08993A596}"
EndProject
Project("{2150E333-8FDC-42A3-9474-1A3956D46DE8}") = "wwwroot", "wwwroot", "{AF364724-A222-4CDF-B8BD-53421E2A5AA7}"
	ProjectSection(SolutionItems) = preProject
		index.html = index.html
		site.js = site.js
	EndProjectSection
EndProject
Global
	GlobalSection(SolutionConfigurationPlatforms) = preSolution
		Debug|Any CPU = Debug|Any CPU
		Release|Any CPU = Release|Any CPU
	EndGlobalSection
	GlobalSection(ProjectConfigurationPlatforms) = postSolution
		{943889DA-C03D-4D27-9B96-C9C08993A596}.Debug|Any CPU.ActiveCfg = Debug|Any CPU
		{943889DA-C03D-4D27-9B96-C9C08993A596}.Debug|Any CPU.Build.0 = Debug|Any CPU
		{943889DA-C03D-4D27-9B96-C9C08993A596}.Release|Any CPU.ActiveCfg = Release|Any CPU
		{943889DA-C03D-4D27-9B96-C9C08993A596}.Release|Any CPU.Build.0 = Release|Any CPU
	EndGlobalSection
	GlobalSection(SolutionProperties) = preSolution
		HideSolutionNode = FALSE
	EndGlobalSection
	GlobalSection(ExtensibilityGlobals) = postSolution
		SolutionGuid = {AA948E43-B5D8-48C7-A82C-96C4E5D914AE}
	EndGlobalSection
EndGlobal
